<Solution>
  <Folder Name="/src/backend/">
    <Project Path="src/backend/VerticalSlice.Api/VerticalSlice.Api.csproj" />
    <Project Path="src/backend/VerticalSlice.AppHost/VerticalSlice.AppHost.csproj" />
    <Project Path="src/backend/VerticalSlice.Domain/VerticalSlice.Domain.csproj" />
    <Project Path="src/backend/VerticalSlice.Infrastructure/VerticalSlice.Infrastructure.csproj" />
    <Project Path="src/backend/VerticalSlice.ServiceDefaults/VerticalSlice.ServiceDefaults.csproj" />
  </Folder>
  <Folder Name="/src/backend/tests/">
    <Project Path="src/backend/tests/VerticalSlice.IntegrationTests/VerticalSlice.IntegrationTests.csproj" />
    <Project Path="src/backend/tests/VerticalSlice.UnitTests/VerticalSlice.UnitTests.csproj" />
  </Folder>
</Solution>